dependencies:
- name: reloader
  repository: https://stakater.github.io/stakater-charts
  version: v0.0.97
- name: cheetah-user-accounts
  repository: file://../../../../../../modules/user/Accounts/chart/
  version: 999.999.999
- name: cheetah-matches-factory
  repository: file://../../../../../../modules/matches/Factory/chart/
  version: 999.999.999
- name: cheetah-matches-registry
  repository: file://../../../../../../modules/matches/Registry/chart/
  version: 999.999.999
- name: cheetah-matches-stubmatchmaking
  repository: file://../../../../../../modules/matches/StubMatchmaking/chart/
  version: 999.999.999
- name: cheetah-matches-realtime
  repository: file://../../../../../../modules/matches/Realtime/chart/
  version: 999.999.999
- name: cheetah-statistics-events
  repository: file://../../../../../../modules/statistics/Events/chart/
  version: 999.999.999
- name: cheetah-system-compatibility
  repository: file://../../../../../../modules/system/Compatibility/chart/
  version: 999.999.999
digest: sha256:86c259af4f3795015b7f1c9b4c084f28ea1bc1fb7f3312a85867d4e1e0e26adf
generated: "2022-08-03T16:06:04.846129+05:00"
