
Microsoft Visual Studio Solution File, Format Version 12.00
# Visual Studio Version 16
VisualStudioVersion = 16.0.30114.105
MinimumVisualStudioVersion = 10.0.40219.1
Project("{2150E333-8FDC-42A3-9474-1A3956D46DE8}") = "matches", "matches", "{68ED981D-9AA0-42B7-8C11-DF7EEC8A3747}"
EndProject
Project("{2150E333-8FDC-42A3-9474-1A3956D46DE8}") = "Realtime", "Realtime", "{D4DA6BB8-0D43-4148-B60C-DF09FCA6339B}"
EndProject
Project("{2150E333-8FDC-42A3-9474-1A3956D46DE8}") = "client", "client", "{DCDE0ABF-027D-4EBC-BD27-D389CF89FB8F}"
EndProject
Project("{2150E333-8FDC-42A3-9474-1A3956D46DE8}") = "Net", "Net", "{C54D9872-A1F5-41CD-8D6A-D83D4A6C153E}"
EndProject
Project("{2150E333-8FDC-42A3-9474-1A3956D46DE8}") = "Embedded", "Embedded", "{E379ABAB-EBE1-43F5-A584-24F18FE3A28B}"
EndProject
Project("{FAE04EC0-301F-11D3-BF4B-00C04F79EFBC}") = "Src", "matches\Realtime\client\Net\Embedded\Src\Src.csproj", "{8F56B8B5-A524-4222-9455-89E3D6123CF6}"
EndProject
Project("{FAE04EC0-301F-11D3-BF4B-00C04F79EFBC}") = "Test", "matches\Realtime\client\Net\Embedded\Test\Test.csproj", "{45BF4F6F-697F-450E-9C1A-E9ABC317C4E6}"
EndProject
Project("{2150E333-8FDC-42A3-9474-1A3956D46DE8}") = "Registry", "Registry", "{7A111079-4816-4F17-B048-850AFD5ACD5E}"
EndProject
Project("{FAE04EC0-301F-11D3-BF4B-00C04F79EFBC}") = "RegistryProto", "matches\Registry\proto\RegistryProto.csproj", "{A3D0A9EB-3416-472A-B6A5-FF3AED9CF2BD}"
EndProject
Project("{FAE04EC0-301F-11D3-BF4B-00C04F79EFBC}") = "RealtimeProto", "matches\Realtime\proto\RealtimeProto.csproj", "{D5A0F779-DCEB-4E44-9E64-0A765ED23577}"
EndProject
Global
	GlobalSection(SolutionConfigurationPlatforms) = preSolution
		Debug|Any CPU = Debug|Any CPU
		Release|Any CPU = Release|Any CPU
	EndGlobalSection
	GlobalSection(SolutionProperties) = preSolution
		HideSolutionNode = FALSE
	EndGlobalSection
	GlobalSection(ProjectConfigurationPlatforms) = postSolution
		{8F56B8B5-A524-4222-9455-89E3D6123CF6}.Debug|Any CPU.ActiveCfg = Debug|Any CPU
		{8F56B8B5-A524-4222-9455-89E3D6123CF6}.Debug|Any CPU.Build.0 = Debug|Any CPU
		{8F56B8B5-A524-4222-9455-89E3D6123CF6}.Release|Any CPU.ActiveCfg = Release|Any CPU
		{8F56B8B5-A524-4222-9455-89E3D6123CF6}.Release|Any CPU.Build.0 = Release|Any CPU
		{45BF4F6F-697F-450E-9C1A-E9ABC317C4E6}.Debug|Any CPU.ActiveCfg = Debug|Any CPU
		{45BF4F6F-697F-450E-9C1A-E9ABC317C4E6}.Debug|Any CPU.Build.0 = Debug|Any CPU
		{45BF4F6F-697F-450E-9C1A-E9ABC317C4E6}.Release|Any CPU.ActiveCfg = Release|Any CPU
		{45BF4F6F-697F-450E-9C1A-E9ABC317C4E6}.Release|Any CPU.Build.0 = Release|Any CPU
		{A3D0A9EB-3416-472A-B6A5-FF3AED9CF2BD}.Debug|Any CPU.ActiveCfg = Debug|Any CPU
		{A3D0A9EB-3416-472A-B6A5-FF3AED9CF2BD}.Debug|Any CPU.Build.0 = Debug|Any CPU
		{A3D0A9EB-3416-472A-B6A5-FF3AED9CF2BD}.Release|Any CPU.ActiveCfg = Release|Any CPU
		{A3D0A9EB-3416-472A-B6A5-FF3AED9CF2BD}.Release|Any CPU.Build.0 = Release|Any CPU
		{D5A0F779-DCEB-4E44-9E64-0A765ED23577}.Debug|Any CPU.ActiveCfg = Debug|Any CPU
		{D5A0F779-DCEB-4E44-9E64-0A765ED23577}.Debug|Any CPU.Build.0 = Debug|Any CPU
		{D5A0F779-DCEB-4E44-9E64-0A765ED23577}.Release|Any CPU.ActiveCfg = Release|Any CPU
		{D5A0F779-DCEB-4E44-9E64-0A765ED23577}.Release|Any CPU.Build.0 = Release|Any CPU
	EndGlobalSection
	GlobalSection(NestedProjects) = preSolution
		{D4DA6BB8-0D43-4148-B60C-DF09FCA6339B} = {68ED981D-9AA0-42B7-8C11-DF7EEC8A3747}
		{DCDE0ABF-027D-4EBC-BD27-D389CF89FB8F} = {D4DA6BB8-0D43-4148-B60C-DF09FCA6339B}
		{C54D9872-A1F5-41CD-8D6A-D83D4A6C153E} = {DCDE0ABF-027D-4EBC-BD27-D389CF89FB8F}
		{E379ABAB-EBE1-43F5-A584-24F18FE3A28B} = {C54D9872-A1F5-41CD-8D6A-D83D4A6C153E}
		{8F56B8B5-A524-4222-9455-89E3D6123CF6} = {E379ABAB-EBE1-43F5-A584-24F18FE3A28B}
		{45BF4F6F-697F-450E-9C1A-E9ABC317C4E6} = {E379ABAB-EBE1-43F5-A584-24F18FE3A28B}
		{7A111079-4816-4F17-B048-850AFD5ACD5E} = {68ED981D-9AA0-42B7-8C11-DF7EEC8A3747}
		{A3D0A9EB-3416-472A-B6A5-FF3AED9CF2BD} = {7A111079-4816-4F17-B048-850AFD5ACD5E}
		{D5A0F779-DCEB-4E44-9E64-0A765ED23577} = {D4DA6BB8-0D43-4148-B60C-DF09FCA6339B}
	EndGlobalSection
EndGlobal
