dependencies:
- name: cerberus
  repository: file://../../server/cerberus/Chart/
  version: 999.999.999
- name: authentication
  repository: file://../../server/authentication/Chart/
  version: 999.999.999
digest: sha256:9d04accfea5b74d944ead87a56aef142f9f824ebe84aad1a03e461305fe6e87b
generated: "2021-06-06T08:12:53.43309+05:00"
