dependencies:
- name: cerberus
  repository: file://../../../server/cerberus/Chart/
  version: 999.999.999
- name: authentication
  repository: file://../../../server/authentication/Chart/
  version: 999.999.999
- name: relay
  repository: file://../../../server/relay/Chart/
  version: 999.999.999
digest: sha256:45762ea3b29f806f1509d328dbaaf5af65a9e28e68a772ad6f0e4a0dfd65a965
generated: "2021-06-15T08:43:46.709951+05:00"
